github.com/hugo-sid/hugo-blog-awesome v1.17.0 h1:YHK69ZBIkaNWN7Gi+YQNBei644u0BjFz9Unaatm5C+I=
github.com/hugo-sid/hugo-blog-awesome v1.17.0/go.mod h1:3XVERF66wgQpTsruOajS5Swr+uvyTzov1acafNaqm1E=
github.com/schnerring/hugo-theme-gruvbox v0.0.0-20241002215922-044ec55e14cc h1:YX6hy9oCBTc31PyiaHiUGlnkfYois1MznHlhnOAbBNI=
github.com/schnerring/hugo-theme-gruvbox v0.0.0-20241002215922-044ec55e14cc/go.mod h1:vE0bhoew3fZRF9mrZz25Ms6Y6FC609NeypEnnsl3cAM=
